
Microsoft Visual Studio Solution File, Format Version 12.00
# Visual Studio 15
VisualStudioVersion = 15.0.27703.2000
MinimumVisualStudioVersion = 10.0.40219.1
Project("{FAE04EC0-301F-11D3-BF4B-00C04F79EFBC}") = "MB_ERP_API", "MB_ERP_API\MB_ERP_API.csproj", "{9666EF65-3785-4985-91A1-D545CA71CD53}"
EndProject
Project("{FAE04EC0-301F-11D3-BF4B-00C04F79EFBC}") = "MB_ERP_API.Tests", "MB_ERP_API.Tests\MB_ERP_API.Tests.csproj", "{57F41991-94BA-451C-B478-9CDF6DB35E37}"
EndProject
Global
	GlobalSection(SolutionConfigurationPlatforms) = preSolution
		Debug|Any CPU = Debug|Any CPU
		Debug|x86 = Debug|x86
		Release|Any CPU = Release|Any CPU
		Release|x86 = Release|x86
	EndGlobalSection
	GlobalSection(ProjectConfigurationPlatforms) = postSolution
		{9666EF65-3785-4985-91A1-D545CA71CD53}.Debug|Any CPU.ActiveCfg = Debug|Any CPU
		{9666EF65-3785-4985-91A1-D545CA71CD53}.Debug|Any CPU.Build.0 = Debug|Any CPU
		{9666EF65-3785-4985-91A1-D545CA71CD53}.Debug|x86.ActiveCfg = Debug|Any CPU
		{9666EF65-3785-4985-91A1-D545CA71CD53}.Debug|x86.Build.0 = Debug|Any CPU
		{9666EF65-3785-4985-91A1-D545CA71CD53}.Release|Any CPU.ActiveCfg = Release|Any CPU
		{9666EF65-3785-4985-91A1-D545CA71CD53}.Release|Any CPU.Build.0 = Release|Any CPU
		{9666EF65-3785-4985-91A1-D545CA71CD53}.Release|x86.ActiveCfg = Release|Any CPU
		{9666EF65-3785-4985-91A1-D545CA71CD53}.Release|x86.Build.0 = Release|Any CPU
		{57F41991-94BA-451C-B478-9CDF6DB35E37}.Debug|Any CPU.ActiveCfg = Debug|Any CPU
		{57F41991-94BA-451C-B478-9CDF6DB35E37}.Debug|Any CPU.Build.0 = Debug|Any CPU
		{57F41991-94BA-451C-B478-9CDF6DB35E37}.Debug|x86.ActiveCfg = Debug|Any CPU
		{57F41991-94BA-451C-B478-9CDF6DB35E37}.Debug|x86.Build.0 = Debug|Any CPU
		{57F41991-94BA-451C-B478-9CDF6DB35E37}.Release|Any CPU.ActiveCfg = Release|Any CPU
		{57F41991-94BA-451C-B478-9CDF6DB35E37}.Release|Any CPU.Build.0 = Release|Any CPU
		{57F41991-94BA-451C-B478-9CDF6DB35E37}.Release|x86.ActiveCfg = Release|x86
		{57F41991-94BA-451C-B478-9CDF6DB35E37}.Release|x86.Build.0 = Release|x86
	EndGlobalSection
	GlobalSection(SolutionProperties) = preSolution
		HideSolutionNode = FALSE
	EndGlobalSection
	GlobalSection(ExtensibilityGlobals) = postSolution
		SolutionGuid = {3F03A004-4458-46E4-96A9-E4EC27A32B31}
	EndGlobalSection
EndGlobal
